
Microsoft Visual Studio Solution File, Format Version 12.00
# Visual Studio Version 16
VisualStudioVersion = 16.0.30717.126
MinimumVisualStudioVersion = 10.0.40219.1
Project("{FAE04EC0-301F-11D3-BF4B-00C04F79EFBC}") = "BlazorAppMono.Server", "Server\BlazorAppMono.Server.csproj", "{14AAE3AB-8FD5-4C8E-AFC2-91E6E707AEC5}"
EndProject
Project("{FAE04EC0-301F-11D3-BF4B-00C04F79EFBC}") = "BlazorAppMono.Client", "Client\BlazorAppMono.Client.csproj", "{798BE3C9-4BA9-481C-B574-1E489D0DAB74}"
EndProject
Project("{FAE04EC0-301F-11D3-BF4B-00C04F79EFBC}") = "BlazorAppMono.Shared", "Shared\BlazorAppMono.Shared.csproj", "{78027E55-F1A8-4CF9-AE9F-BA530F079B0C}"
EndProject
Project("{2150E333-8FDC-42A3-9474-1A3956D46DE8}") = "Solution Items", "Solution Items", "{55449E3C-C124-492E-BBB4-7004B8120047}"
EndProject
Project("{2150E333-8FDC-42A3-9474-1A3956D46DE8}") = ".do", ".do", "{4C607EF7-0C41-48CB-98C8-B10E9EB1B0CB}"
	ProjectSection(SolutionItems) = preProject
		app.yaml = app.yaml
	EndProjectSection
EndProject
Global
	GlobalSection(SolutionConfigurationPlatforms) = preSolution
		Debug|Any CPU = Debug|Any CPU
		Release|Any CPU = Release|Any CPU
	EndGlobalSection
	GlobalSection(ProjectConfigurationPlatforms) = postSolution
		{14AAE3AB-8FD5-4C8E-AFC2-91E6E707AEC5}.Debug|Any CPU.ActiveCfg = Debug|Any CPU
		{14AAE3AB-8FD5-4C8E-AFC2-91E6E707AEC5}.Debug|Any CPU.Build.0 = Debug|Any CPU
		{14AAE3AB-8FD5-4C8E-AFC2-91E6E707AEC5}.Release|Any CPU.ActiveCfg = Release|Any CPU
		{14AAE3AB-8FD5-4C8E-AFC2-91E6E707AEC5}.Release|Any CPU.Build.0 = Release|Any CPU
		{798BE3C9-4BA9-481C-B574-1E489D0DAB74}.Debug|Any CPU.ActiveCfg = Debug|Any CPU
		{798BE3C9-4BA9-481C-B574-1E489D0DAB74}.Debug|Any CPU.Build.0 = Debug|Any CPU
		{798BE3C9-4BA9-481C-B574-1E489D0DAB74}.Release|Any CPU.ActiveCfg = Release|Any CPU
		{798BE3C9-4BA9-481C-B574-1E489D0DAB74}.Release|Any CPU.Build.0 = Release|Any CPU
		{78027E55-F1A8-4CF9-AE9F-BA530F079B0C}.Debug|Any CPU.ActiveCfg = Debug|Any CPU
		{78027E55-F1A8-4CF9-AE9F-BA530F079B0C}.Debug|Any CPU.Build.0 = Debug|Any CPU
		{78027E55-F1A8-4CF9-AE9F-BA530F079B0C}.Release|Any CPU.ActiveCfg = Release|Any CPU
		{78027E55-F1A8-4CF9-AE9F-BA530F079B0C}.Release|Any CPU.Build.0 = Release|Any CPU
	EndGlobalSection
	GlobalSection(SolutionProperties) = preSolution
		HideSolutionNode = FALSE
	EndGlobalSection
	GlobalSection(ExtensibilityGlobals) = postSolution
		SolutionGuid = {630CCD59-766C-4FD9-817E-5084AF92EC79}
	EndGlobalSection
EndGlobal
